
Microsoft Visual Studio Solution File, Format Version 12.00
# Visual Studio Version 17
VisualStudioVersion = 17.13.35931.197
MinimumVisualStudioVersion = 10.0.40219.1
Project("{FAE04EC0-301F-11D3-BF4B-00C04F79EFBC}") = "API", "API\API.csproj", "{6454C324-935B-4579-A1E0-8135C925EB7A}"
EndProject
Project("{FAE04EC0-301F-11D3-BF4B-00C04F79EFBC}") = "Application", "Application\Application.csproj", "{99E24EBD-447C-4EAC-A6DC-E519710173D0}"
EndProject
Project("{FAE04EC0-301F-11D3-BF4B-00C04F79EFBC}") = "Domain", "Domain\Domain.csproj", "{9C23D226-B115-4FFE-B7E1-7B03C760BD75}"
EndProject
Project("{FAE04EC0-301F-11D3-BF4B-00C04F79EFBC}") = "Infrastructure", "Infrastructure\Infrastructure.csproj", "{23AD5781-2918-45DC-8AAF-8A0C4AA891E2}"
EndProject
Project("{FAE04EC0-301F-11D3-BF4B-00C04F79EFBC}") = "Tests", "Tests\Tests.csproj", "{8BCE53DB-29D0-4F2F-AFAB-26A8358CF8A7}"
EndProject
Global
	GlobalSection(SolutionConfigurationPlatforms) = preSolution
		Debug|Any CPU = Debug|Any CPU
		Release|Any CPU = Release|Any CPU
	EndGlobalSection
	GlobalSection(ProjectConfigurationPlatforms) = postSolution
		{6454C324-935B-4579-A1E0-8135C925EB7A}.Debug|Any CPU.ActiveCfg = Debug|Any CPU
		{6454C324-935B-4579-A1E0-8135C925EB7A}.Debug|Any CPU.Build.0 = Debug|Any CPU
		{6454C324-935B-4579-A1E0-8135C925EB7A}.Release|Any CPU.ActiveCfg = Release|Any CPU
		{6454C324-935B-4579-A1E0-8135C925EB7A}.Release|Any CPU.Build.0 = Release|Any CPU
		{99E24EBD-447C-4EAC-A6DC-E519710173D0}.Debug|Any CPU.ActiveCfg = Debug|Any CPU
		{99E24EBD-447C-4EAC-A6DC-E519710173D0}.Debug|Any CPU.Build.0 = Debug|Any CPU
		{99E24EBD-447C-4EAC-A6DC-E519710173D0}.Release|Any CPU.ActiveCfg = Release|Any CPU
		{99E24EBD-447C-4EAC-A6DC-E519710173D0}.Release|Any CPU.Build.0 = Release|Any CPU
		{9C23D226-B115-4FFE-B7E1-7B03C760BD75}.Debug|Any CPU.ActiveCfg = Debug|Any CPU
		{9C23D226-B115-4FFE-B7E1-7B03C760BD75}.Debug|Any CPU.Build.0 = Debug|Any CPU
		{9C23D226-B115-4FFE-B7E1-7B03C760BD75}.Release|Any CPU.ActiveCfg = Release|Any CPU
		{9C23D226-B115-4FFE-B7E1-7B03C760BD75}.Release|Any CPU.Build.0 = Release|Any CPU
		{23AD5781-2918-45DC-8AAF-8A0C4AA891E2}.Debug|Any CPU.ActiveCfg = Debug|Any CPU
		{23AD5781-2918-45DC-8AAF-8A0C4AA891E2}.Debug|Any CPU.Build.0 = Debug|Any CPU
		{23AD5781-2918-45DC-8AAF-8A0C4AA891E2}.Release|Any CPU.ActiveCfg = Release|Any CPU
		{23AD5781-2918-45DC-8AAF-8A0C4AA891E2}.Release|Any CPU.Build.0 = Release|Any CPU
		{8BCE53DB-29D0-4F2F-AFAB-26A8358CF8A7}.Debug|Any CPU.ActiveCfg = Debug|Any CPU
		{8BCE53DB-29D0-4F2F-AFAB-26A8358CF8A7}.Debug|Any CPU.Build.0 = Debug|Any CPU
		{8BCE53DB-29D0-4F2F-AFAB-26A8358CF8A7}.Release|Any CPU.ActiveCfg = Release|Any CPU
		{8BCE53DB-29D0-4F2F-AFAB-26A8358CF8A7}.Release|Any CPU.Build.0 = Release|Any CPU
	EndGlobalSection
	GlobalSection(SolutionProperties) = preSolution
		HideSolutionNode = FALSE
	EndGlobalSection
	GlobalSection(ExtensibilityGlobals) = postSolution
		SolutionGuid = {0952F44D-88A1-47EE-9013-1AF62A70362D}
	EndGlobalSection
EndGlobal
